
Microsoft Visual Studio Solution File, Format Version 12.00
# Visual Studio Version 17
VisualStudioVersion = 17.2.32630.192
MinimumVisualStudioVersion = 10.0.40219.1
Project("{9A19103F-16F7-4668-BE54-9A1E7A4F7556}") = "Infrastructure", "Infrastructure\Infrastructure.csproj", "{B7CD987F-6522-4FE0-9285-0AF80C572979}"
	ProjectSection(ProjectDependencies) = postProject
		{8EBCFA39-009D-450C-B4D6-8DAB84F1D0A5} = {8EBCFA39-009D-450C-B4D6-8DAB84F1D0A5}
	EndProjectSection
EndProject
Project("{2150E333-8FDC-42A3-9474-1A3956D46DE8}") = "Solution Items", "Solution Items", "{338188AC-81F0-40E2-903F-4F713286D12B}"
	ProjectSection(SolutionItems) = preProject
		.editorconfig = .editorconfig
	EndProjectSection
EndProject
Project("{9A19103F-16F7-4668-BE54-9A1E7A4F7556}") = "Data", "Data\Data.csproj", "{367B779D-CD6D-4143-9C12-9F68D6B397D6}"
EndProject
Project("{9A19103F-16F7-4668-BE54-9A1E7A4F7556}") = "DataApi", "DataApi\DataApi.csproj", "{B918C3B5-2C8B-47F2-818D-C1C69C09C2E5}"
EndProject
Project("{E53339B2-1760-4266-BCC7-CA923CBCF16C}") = "docker-compose", "docker-compose.dcproj", "{0670B829-17B7-49F8-B8D0-6EA6CE136ECB}"
EndProject
Project("{9A19103F-16F7-4668-BE54-9A1E7A4F7556}") = "EventLogUtility", "EventLogUtility\EventLogUtility.csproj", "{6E671235-AEAE-4D2C-AC41-35F5B8878A42}"
EndProject
Project("{9A19103F-16F7-4668-BE54-9A1E7A4F7556}") = "WatchDog", "WatchDog\WatchDog.csproj", "{D578C245-BDE0-4883-88A9-4C6727426478}"
EndProject
Project("{9A19103F-16F7-4668-BE54-9A1E7A4F7556}") = "ReportApi", "ReportApi\ReportApi.csproj", "{803EAFDD-E25A-4D22-906F-67676BEBDE80}"
EndProject
Project("{2150E333-8FDC-42A3-9474-1A3956D46DE8}") = "DatabaseProviders", "DatabaseProviders", "{EA135084-6954-488E-8E0F-86480ACD9803}"
EndProject
Project("{9A19103F-16F7-4668-BE54-9A1E7A4F7556}") = "SqlDatabaseProvider", "SqlDatabaseProvider\SqlDatabaseProvider.csproj", "{01F8C3CB-C7F2-49BA-956D-6AB734934C3E}"
EndProject
Project("{9A19103F-16F7-4668-BE54-9A1E7A4F7556}") = "PostgreSQLDatabaseProvider", "PostgreSQLDatabaseProvider\PostgreSQLDatabaseProvider.csproj", "{66B69A6E-EB9F-49F2-AE89-5018556563F5}"
EndProject
Project("{9A19103F-16F7-4668-BE54-9A1E7A4F7556}") = "SqlLiteDatabaseProvider", "SqlLiteDatabaseProvider\SqlLiteDatabaseProvider.csproj", "{6EFC17B6-81A2-4B9B-B73A-A4951DD52FEF}"
EndProject
Project("{9A19103F-16F7-4668-BE54-9A1E7A4F7556}") = "MySqlDatabaseProvider", "MySqlDatabaseProvider\MySqlDatabaseProvider.csproj", "{E70816BB-6279-4CA2-A7E9-A2B0F8E43F62}"
EndProject
Project("{9A19103F-16F7-4668-BE54-9A1E7A4F7556}") = "OracleDatabaseProvider", "OracleDatabaseProvider\OracleDatabaseProvider.csproj", "{11E2931D-E0C1-4BCC-95C4-6A6792590A2B}"
EndProject
Project("{2150E333-8FDC-42A3-9474-1A3956D46DE8}") = "Tests", "Tests", "{E7665D70-9B21-4D3A-9F6B-82941D4680F9}"
EndProject
Project("{54A90642-561A-4BB1-A94E-469ADEE60C69}") = "WebUI", "WebUI\WebUI.esproj", "{A9857706-C039-4A3C-8997-3F5756AE92A3}"
EndProject
Project("{9A19103F-16F7-4668-BE54-9A1E7A4F7556}") = "ConfigApi", "ConfigApi\ConfigApi.csproj", "{D73F0618-E027-4004-938A-B6D7EF884DF5}"
EndProject
Project("{9A19103F-16F7-4668-BE54-9A1E7A4F7556}") = "IdentityTests", "IdentityTests\IdentityTests.csproj", "{031C6551-6171-4A50-8AD0-19B08B181937}"
EndProject
Project("{9A19103F-16F7-4668-BE54-9A1E7A4F7556}") = "InfrastructureTests", "InfrastructureTests\InfrastructureTests.csproj", "{9B97813F-DA7E-4FFC-ABC5-BDDFC66B25A7}"
EndProject
Project("{9A19103F-16F7-4668-BE54-9A1E7A4F7556}") = "WatchDogTests", "WatchDogTests\WatchDogTests.csproj", "{3252164C-848B-4BCA-BBE9-F550C33D6636}"
EndProject
Project("{9A19103F-16F7-4668-BE54-9A1E7A4F7556}") = "ApplicationTests", "ApplicationTests\ApplicationTests.csproj", "{8FDDEF86-F1A4-4899-9591-0B6D053018B0}"
EndProject
Project("{9A19103F-16F7-4668-BE54-9A1E7A4F7556}") = "Application", "Application\Application.csproj", "{8EBCFA39-009D-450C-B4D6-8DAB84F1D0A5}"
EndProject
Project("{9A19103F-16F7-4668-BE54-9A1E7A4F7556}") = "IdentityApi", "IdentityApi\IdentityApi.csproj", "{1DC2A63D-5DDF-4E51-BF29-1186A2ECDA53}"
EndProject
Project("{2150E333-8FDC-42A3-9474-1A3956D46DE8}") = "Libraries", "Libraries", "{9BAE6520-EDD0-4C01-B591-FA1C32B9BCD6}"
EndProject
Project("{2150E333-8FDC-42A3-9474-1A3956D46DE8}") = "Apis", "Apis", "{35438977-FC79-4CF6-933F-7ADAF41841D1}"
EndProject
Project("{2150E333-8FDC-42A3-9474-1A3956D46DE8}") = "Utilities", "Utilities", "{AEE33F3F-898A-4ABA-9D53-D174435F3536}"
EndProject
Project("{2150E333-8FDC-42A3-9474-1A3956D46DE8}") = "GUIs", "GUIs", "{1CFBBB2E-FC73-4FAC-A3F7-BFE1D9059F4F}"
EndProject
Project("{9A19103F-16F7-4668-BE54-9A1E7A4F7556}") = "DatabaseInstaller", "DatabaseInstaller\DatabaseInstaller.csproj", "{BA44526F-97A0-4A68-9F77-5B3CD87AAF93}"
EndProject
Project("{9A19103F-16F7-4668-BE54-9A1E7A4F7556}") = "DeviceEmulator", "DeviceEmulator\DeviceEmulator.csproj", "{1FA2071F-20FF-48E7-9057-05E1AC9E4E32}"
EndProject
Project("{9A19103F-16F7-4668-BE54-9A1E7A4F7556}") = "ConfigApiTests", "ConfigApiTests\ConfigApiTests.csproj", "{51C7E2BA-9F23-4E06-AA5A-9DB3C8350064}"
EndProject
Global
	GlobalSection(SolutionConfigurationPlatforms) = preSolution
		Debug|Any CPU = Debug|Any CPU
		Debug|x86 = Debug|x86
		Release|Any CPU = Release|Any CPU
		Release|x86 = Release|x86
	EndGlobalSection
	GlobalSection(ProjectConfigurationPlatforms) = postSolution
		{B7CD987F-6522-4FE0-9285-0AF80C572979}.Debug|Any CPU.ActiveCfg = Debug|Any CPU
		{B7CD987F-6522-4FE0-9285-0AF80C572979}.Debug|Any CPU.Build.0 = Debug|Any CPU
		{B7CD987F-6522-4FE0-9285-0AF80C572979}.Debug|x86.ActiveCfg = Debug|Any CPU
		{B7CD987F-6522-4FE0-9285-0AF80C572979}.Debug|x86.Build.0 = Debug|Any CPU
		{B7CD987F-6522-4FE0-9285-0AF80C572979}.Release|Any CPU.ActiveCfg = Release|Any CPU
		{B7CD987F-6522-4FE0-9285-0AF80C572979}.Release|Any CPU.Build.0 = Release|Any CPU
		{B7CD987F-6522-4FE0-9285-0AF80C572979}.Release|x86.ActiveCfg = Release|Any CPU
		{B7CD987F-6522-4FE0-9285-0AF80C572979}.Release|x86.Build.0 = Release|Any CPU
		{367B779D-CD6D-4143-9C12-9F68D6B397D6}.Debug|Any CPU.ActiveCfg = Debug|Any CPU
		{367B779D-CD6D-4143-9C12-9F68D6B397D6}.Debug|Any CPU.Build.0 = Debug|Any CPU
		{367B779D-CD6D-4143-9C12-9F68D6B397D6}.Debug|x86.ActiveCfg = Debug|Any CPU
		{367B779D-CD6D-4143-9C12-9F68D6B397D6}.Debug|x86.Build.0 = Debug|Any CPU
		{367B779D-CD6D-4143-9C12-9F68D6B397D6}.Release|Any CPU.ActiveCfg = Release|Any CPU
		{367B779D-CD6D-4143-9C12-9F68D6B397D6}.Release|Any CPU.Build.0 = Release|Any CPU
		{367B779D-CD6D-4143-9C12-9F68D6B397D6}.Release|x86.ActiveCfg = Release|Any CPU
		{367B779D-CD6D-4143-9C12-9F68D6B397D6}.Release|x86.Build.0 = Release|Any CPU
		{B918C3B5-2C8B-47F2-818D-C1C69C09C2E5}.Debug|Any CPU.ActiveCfg = Debug|Any CPU
		{B918C3B5-2C8B-47F2-818D-C1C69C09C2E5}.Debug|Any CPU.Build.0 = Debug|Any CPU
		{B918C3B5-2C8B-47F2-818D-C1C69C09C2E5}.Debug|x86.ActiveCfg = Debug|Any CPU
		{B918C3B5-2C8B-47F2-818D-C1C69C09C2E5}.Debug|x86.Build.0 = Debug|Any CPU
		{B918C3B5-2C8B-47F2-818D-C1C69C09C2E5}.Release|Any CPU.ActiveCfg = Release|Any CPU
		{B918C3B5-2C8B-47F2-818D-C1C69C09C2E5}.Release|Any CPU.Build.0 = Release|Any CPU
		{B918C3B5-2C8B-47F2-818D-C1C69C09C2E5}.Release|x86.ActiveCfg = Release|Any CPU
		{B918C3B5-2C8B-47F2-818D-C1C69C09C2E5}.Release|x86.Build.0 = Release|Any CPU
		{0670B829-17B7-49F8-B8D0-6EA6CE136ECB}.Debug|Any CPU.ActiveCfg = Debug|Any CPU
		{0670B829-17B7-49F8-B8D0-6EA6CE136ECB}.Debug|Any CPU.Build.0 = Debug|Any CPU
		{0670B829-17B7-49F8-B8D0-6EA6CE136ECB}.Debug|x86.ActiveCfg = Debug|Any CPU
		{0670B829-17B7-49F8-B8D0-6EA6CE136ECB}.Debug|x86.Build.0 = Debug|Any CPU
		{0670B829-17B7-49F8-B8D0-6EA6CE136ECB}.Release|Any CPU.ActiveCfg = Release|Any CPU
		{0670B829-17B7-49F8-B8D0-6EA6CE136ECB}.Release|Any CPU.Build.0 = Release|Any CPU
		{0670B829-17B7-49F8-B8D0-6EA6CE136ECB}.Release|x86.ActiveCfg = Release|Any CPU
		{0670B829-17B7-49F8-B8D0-6EA6CE136ECB}.Release|x86.Build.0 = Release|Any CPU
		{6E671235-AEAE-4D2C-AC41-35F5B8878A42}.Debug|Any CPU.ActiveCfg = Debug|Any CPU
		{6E671235-AEAE-4D2C-AC41-35F5B8878A42}.Debug|Any CPU.Build.0 = Debug|Any CPU
		{6E671235-AEAE-4D2C-AC41-35F5B8878A42}.Debug|x86.ActiveCfg = Debug|Any CPU
		{6E671235-AEAE-4D2C-AC41-35F5B8878A42}.Debug|x86.Build.0 = Debug|Any CPU
		{6E671235-AEAE-4D2C-AC41-35F5B8878A42}.Release|Any CPU.ActiveCfg = Release|Any CPU
		{6E671235-AEAE-4D2C-AC41-35F5B8878A42}.Release|Any CPU.Build.0 = Release|Any CPU
		{6E671235-AEAE-4D2C-AC41-35F5B8878A42}.Release|x86.ActiveCfg = Release|Any CPU
		{6E671235-AEAE-4D2C-AC41-35F5B8878A42}.Release|x86.Build.0 = Release|Any CPU
		{D578C245-BDE0-4883-88A9-4C6727426478}.Debug|Any CPU.ActiveCfg = Debug|Any CPU
		{D578C245-BDE0-4883-88A9-4C6727426478}.Debug|Any CPU.Build.0 = Debug|Any CPU
		{D578C245-BDE0-4883-88A9-4C6727426478}.Debug|x86.ActiveCfg = Debug|Any CPU
		{D578C245-BDE0-4883-88A9-4C6727426478}.Debug|x86.Build.0 = Debug|Any CPU
		{D578C245-BDE0-4883-88A9-4C6727426478}.Release|Any CPU.ActiveCfg = Release|Any CPU
		{D578C245-BDE0-4883-88A9-4C6727426478}.Release|Any CPU.Build.0 = Release|Any CPU
		{D578C245-BDE0-4883-88A9-4C6727426478}.Release|x86.ActiveCfg = Release|Any CPU
		{D578C245-BDE0-4883-88A9-4C6727426478}.Release|x86.Build.0 = Release|Any CPU
		{803EAFDD-E25A-4D22-906F-67676BEBDE80}.Debug|Any CPU.ActiveCfg = Debug|Any CPU
		{803EAFDD-E25A-4D22-906F-67676BEBDE80}.Debug|Any CPU.Build.0 = Debug|Any CPU
		{803EAFDD-E25A-4D22-906F-67676BEBDE80}.Debug|x86.ActiveCfg = Debug|Any CPU
		{803EAFDD-E25A-4D22-906F-67676BEBDE80}.Debug|x86.Build.0 = Debug|Any CPU
		{803EAFDD-E25A-4D22-906F-67676BEBDE80}.Release|Any CPU.ActiveCfg = Release|Any CPU
		{803EAFDD-E25A-4D22-906F-67676BEBDE80}.Release|Any CPU.Build.0 = Release|Any CPU
		{803EAFDD-E25A-4D22-906F-67676BEBDE80}.Release|x86.ActiveCfg = Release|Any CPU
		{803EAFDD-E25A-4D22-906F-67676BEBDE80}.Release|x86.Build.0 = Release|Any CPU
		{01F8C3CB-C7F2-49BA-956D-6AB734934C3E}.Debug|Any CPU.ActiveCfg = Debug|Any CPU
		{01F8C3CB-C7F2-49BA-956D-6AB734934C3E}.Debug|Any CPU.Build.0 = Debug|Any CPU
		{01F8C3CB-C7F2-49BA-956D-6AB734934C3E}.Debug|x86.ActiveCfg = Debug|Any CPU
		{01F8C3CB-C7F2-49BA-956D-6AB734934C3E}.Debug|x86.Build.0 = Debug|Any CPU
		{01F8C3CB-C7F2-49BA-956D-6AB734934C3E}.Release|Any CPU.ActiveCfg = Release|Any CPU
		{01F8C3CB-C7F2-49BA-956D-6AB734934C3E}.Release|Any CPU.Build.0 = Release|Any CPU
		{01F8C3CB-C7F2-49BA-956D-6AB734934C3E}.Release|x86.ActiveCfg = Release|Any CPU
		{01F8C3CB-C7F2-49BA-956D-6AB734934C3E}.Release|x86.Build.0 = Release|Any CPU
		{66B69A6E-EB9F-49F2-AE89-5018556563F5}.Debug|Any CPU.ActiveCfg = Debug|Any CPU
		{66B69A6E-EB9F-49F2-AE89-5018556563F5}.Debug|Any CPU.Build.0 = Debug|Any CPU
		{66B69A6E-EB9F-49F2-AE89-5018556563F5}.Debug|x86.ActiveCfg = Debug|Any CPU
		{66B69A6E-EB9F-49F2-AE89-5018556563F5}.Debug|x86.Build.0 = Debug|Any CPU
		{66B69A6E-EB9F-49F2-AE89-5018556563F5}.Release|Any CPU.ActiveCfg = Release|Any CPU
		{66B69A6E-EB9F-49F2-AE89-5018556563F5}.Release|Any CPU.Build.0 = Release|Any CPU
		{66B69A6E-EB9F-49F2-AE89-5018556563F5}.Release|x86.ActiveCfg = Release|Any CPU
		{66B69A6E-EB9F-49F2-AE89-5018556563F5}.Release|x86.Build.0 = Release|Any CPU
		{6EFC17B6-81A2-4B9B-B73A-A4951DD52FEF}.Debug|Any CPU.ActiveCfg = Debug|Any CPU
		{6EFC17B6-81A2-4B9B-B73A-A4951DD52FEF}.Debug|Any CPU.Build.0 = Debug|Any CPU
		{6EFC17B6-81A2-4B9B-B73A-A4951DD52FEF}.Debug|x86.ActiveCfg = Debug|Any CPU
		{6EFC17B6-81A2-4B9B-B73A-A4951DD52FEF}.Debug|x86.Build.0 = Debug|Any CPU
		{6EFC17B6-81A2-4B9B-B73A-A4951DD52FEF}.Release|Any CPU.ActiveCfg = Release|Any CPU
		{6EFC17B6-81A2-4B9B-B73A-A4951DD52FEF}.Release|Any CPU.Build.0 = Release|Any CPU
		{6EFC17B6-81A2-4B9B-B73A-A4951DD52FEF}.Release|x86.ActiveCfg = Release|Any CPU
		{6EFC17B6-81A2-4B9B-B73A-A4951DD52FEF}.Release|x86.Build.0 = Release|Any CPU
		{E70816BB-6279-4CA2-A7E9-A2B0F8E43F62}.Debug|Any CPU.ActiveCfg = Debug|Any CPU
		{E70816BB-6279-4CA2-A7E9-A2B0F8E43F62}.Debug|Any CPU.Build.0 = Debug|Any CPU
		{E70816BB-6279-4CA2-A7E9-A2B0F8E43F62}.Debug|x86.ActiveCfg = Debug|Any CPU
		{E70816BB-6279-4CA2-A7E9-A2B0F8E43F62}.Debug|x86.Build.0 = Debug|Any CPU
		{E70816BB-6279-4CA2-A7E9-A2B0F8E43F62}.Release|Any CPU.ActiveCfg = Release|Any CPU
		{E70816BB-6279-4CA2-A7E9-A2B0F8E43F62}.Release|Any CPU.Build.0 = Release|Any CPU
		{E70816BB-6279-4CA2-A7E9-A2B0F8E43F62}.Release|x86.ActiveCfg = Release|Any CPU
		{E70816BB-6279-4CA2-A7E9-A2B0F8E43F62}.Release|x86.Build.0 = Release|Any CPU
		{11E2931D-E0C1-4BCC-95C4-6A6792590A2B}.Debug|Any CPU.ActiveCfg = Debug|Any CPU
		{11E2931D-E0C1-4BCC-95C4-6A6792590A2B}.Debug|Any CPU.Build.0 = Debug|Any CPU
		{11E2931D-E0C1-4BCC-95C4-6A6792590A2B}.Debug|x86.ActiveCfg = Debug|Any CPU
		{11E2931D-E0C1-4BCC-95C4-6A6792590A2B}.Debug|x86.Build.0 = Debug|Any CPU
		{11E2931D-E0C1-4BCC-95C4-6A6792590A2B}.Release|Any CPU.ActiveCfg = Release|Any CPU
		{11E2931D-E0C1-4BCC-95C4-6A6792590A2B}.Release|Any CPU.Build.0 = Release|Any CPU
		{11E2931D-E0C1-4BCC-95C4-6A6792590A2B}.Release|x86.ActiveCfg = Release|Any CPU
		{11E2931D-E0C1-4BCC-95C4-6A6792590A2B}.Release|x86.Build.0 = Release|Any CPU
		{A9857706-C039-4A3C-8997-3F5756AE92A3}.Debug|Any CPU.ActiveCfg = Debug|Any CPU
		{A9857706-C039-4A3C-8997-3F5756AE92A3}.Debug|Any CPU.Build.0 = Debug|Any CPU
		{A9857706-C039-4A3C-8997-3F5756AE92A3}.Debug|Any CPU.Deploy.0 = Debug|Any CPU
		{A9857706-C039-4A3C-8997-3F5756AE92A3}.Debug|x86.ActiveCfg = Debug|Any CPU
		{A9857706-C039-4A3C-8997-3F5756AE92A3}.Debug|x86.Build.0 = Debug|Any CPU
		{A9857706-C039-4A3C-8997-3F5756AE92A3}.Debug|x86.Deploy.0 = Debug|Any CPU
		{A9857706-C039-4A3C-8997-3F5756AE92A3}.Release|Any CPU.ActiveCfg = Release|Any CPU
		{A9857706-C039-4A3C-8997-3F5756AE92A3}.Release|Any CPU.Build.0 = Release|Any CPU
		{A9857706-C039-4A3C-8997-3F5756AE92A3}.Release|Any CPU.Deploy.0 = Release|Any CPU
		{A9857706-C039-4A3C-8997-3F5756AE92A3}.Release|x86.ActiveCfg = Release|Any CPU
		{A9857706-C039-4A3C-8997-3F5756AE92A3}.Release|x86.Build.0 = Release|Any CPU
		{A9857706-C039-4A3C-8997-3F5756AE92A3}.Release|x86.Deploy.0 = Release|Any CPU
		{D73F0618-E027-4004-938A-B6D7EF884DF5}.Debug|Any CPU.ActiveCfg = Debug|Any CPU
		{D73F0618-E027-4004-938A-B6D7EF884DF5}.Debug|Any CPU.Build.0 = Debug|Any CPU
		{D73F0618-E027-4004-938A-B6D7EF884DF5}.Debug|x86.ActiveCfg = Debug|Any CPU
		{D73F0618-E027-4004-938A-B6D7EF884DF5}.Debug|x86.Build.0 = Debug|Any CPU
		{D73F0618-E027-4004-938A-B6D7EF884DF5}.Release|Any CPU.ActiveCfg = Release|Any CPU
		{D73F0618-E027-4004-938A-B6D7EF884DF5}.Release|Any CPU.Build.0 = Release|Any CPU
		{D73F0618-E027-4004-938A-B6D7EF884DF5}.Release|x86.ActiveCfg = Release|Any CPU
		{D73F0618-E027-4004-938A-B6D7EF884DF5}.Release|x86.Build.0 = Release|Any CPU
		{031C6551-6171-4A50-8AD0-19B08B181937}.Debug|Any CPU.ActiveCfg = Debug|Any CPU
		{031C6551-6171-4A50-8AD0-19B08B181937}.Debug|Any CPU.Build.0 = Debug|Any CPU
		{031C6551-6171-4A50-8AD0-19B08B181937}.Debug|x86.ActiveCfg = Debug|Any CPU
		{031C6551-6171-4A50-8AD0-19B08B181937}.Debug|x86.Build.0 = Debug|Any CPU
		{031C6551-6171-4A50-8AD0-19B08B181937}.Release|Any CPU.ActiveCfg = Release|Any CPU
		{031C6551-6171-4A50-8AD0-19B08B181937}.Release|Any CPU.Build.0 = Release|Any CPU
		{031C6551-6171-4A50-8AD0-19B08B181937}.Release|x86.ActiveCfg = Release|Any CPU
		{031C6551-6171-4A50-8AD0-19B08B181937}.Release|x86.Build.0 = Release|Any CPU
		{9B97813F-DA7E-4FFC-ABC5-BDDFC66B25A7}.Debug|Any CPU.ActiveCfg = Debug|Any CPU
		{9B97813F-DA7E-4FFC-ABC5-BDDFC66B25A7}.Debug|Any CPU.Build.0 = Debug|Any CPU
		{9B97813F-DA7E-4FFC-ABC5-BDDFC66B25A7}.Debug|x86.ActiveCfg = Debug|x86
		{9B97813F-DA7E-4FFC-ABC5-BDDFC66B25A7}.Debug|x86.Build.0 = Debug|x86
		{9B97813F-DA7E-4FFC-ABC5-BDDFC66B25A7}.Release|Any CPU.ActiveCfg = Release|Any CPU
		{9B97813F-DA7E-4FFC-ABC5-BDDFC66B25A7}.Release|Any CPU.Build.0 = Release|Any CPU
		{9B97813F-DA7E-4FFC-ABC5-BDDFC66B25A7}.Release|x86.ActiveCfg = Release|x86
		{9B97813F-DA7E-4FFC-ABC5-BDDFC66B25A7}.Release|x86.Build.0 = Release|x86
		{3252164C-848B-4BCA-BBE9-F550C33D6636}.Debug|Any CPU.ActiveCfg = Debug|Any CPU
		{3252164C-848B-4BCA-BBE9-F550C33D6636}.Debug|Any CPU.Build.0 = Debug|Any CPU
		{3252164C-848B-4BCA-BBE9-F550C33D6636}.Debug|x86.ActiveCfg = Debug|Any CPU
		{3252164C-848B-4BCA-BBE9-F550C33D6636}.Debug|x86.Build.0 = Debug|Any CPU
		{3252164C-848B-4BCA-BBE9-F550C33D6636}.Release|Any CPU.ActiveCfg = Release|Any CPU
		{3252164C-848B-4BCA-BBE9-F550C33D6636}.Release|Any CPU.Build.0 = Release|Any CPU
		{3252164C-848B-4BCA-BBE9-F550C33D6636}.Release|x86.ActiveCfg = Release|Any CPU
		{3252164C-848B-4BCA-BBE9-F550C33D6636}.Release|x86.Build.0 = Release|Any CPU
		{8FDDEF86-F1A4-4899-9591-0B6D053018B0}.Debug|Any CPU.ActiveCfg = Debug|Any CPU
		{8FDDEF86-F1A4-4899-9591-0B6D053018B0}.Debug|Any CPU.Build.0 = Debug|Any CPU
		{8FDDEF86-F1A4-4899-9591-0B6D053018B0}.Debug|x86.ActiveCfg = Debug|Any CPU
		{8FDDEF86-F1A4-4899-9591-0B6D053018B0}.Debug|x86.Build.0 = Debug|Any CPU
		{8FDDEF86-F1A4-4899-9591-0B6D053018B0}.Release|Any CPU.ActiveCfg = Release|Any CPU
		{8FDDEF86-F1A4-4899-9591-0B6D053018B0}.Release|Any CPU.Build.0 = Release|Any CPU
		{8FDDEF86-F1A4-4899-9591-0B6D053018B0}.Release|x86.ActiveCfg = Release|Any CPU
		{8FDDEF86-F1A4-4899-9591-0B6D053018B0}.Release|x86.Build.0 = Release|Any CPU
		{8EBCFA39-009D-450C-B4D6-8DAB84F1D0A5}.Debug|Any CPU.ActiveCfg = Debug|Any CPU
		{8EBCFA39-009D-450C-B4D6-8DAB84F1D0A5}.Debug|Any CPU.Build.0 = Debug|Any CPU
		{8EBCFA39-009D-450C-B4D6-8DAB84F1D0A5}.Debug|x86.ActiveCfg = Debug|Any CPU
		{8EBCFA39-009D-450C-B4D6-8DAB84F1D0A5}.Debug|x86.Build.0 = Debug|Any CPU
		{8EBCFA39-009D-450C-B4D6-8DAB84F1D0A5}.Release|Any CPU.ActiveCfg = Release|Any CPU
		{8EBCFA39-009D-450C-B4D6-8DAB84F1D0A5}.Release|Any CPU.Build.0 = Release|Any CPU
		{8EBCFA39-009D-450C-B4D6-8DAB84F1D0A5}.Release|x86.ActiveCfg = Release|Any CPU
		{8EBCFA39-009D-450C-B4D6-8DAB84F1D0A5}.Release|x86.Build.0 = Release|Any CPU
		{1DC2A63D-5DDF-4E51-BF29-1186A2ECDA53}.Debug|Any CPU.ActiveCfg = Debug|Any CPU
		{1DC2A63D-5DDF-4E51-BF29-1186A2ECDA53}.Debug|Any CPU.Build.0 = Debug|Any CPU
		{1DC2A63D-5DDF-4E51-BF29-1186A2ECDA53}.Debug|x86.ActiveCfg = Debug|Any CPU
		{1DC2A63D-5DDF-4E51-BF29-1186A2ECDA53}.Debug|x86.Build.0 = Debug|Any CPU
		{1DC2A63D-5DDF-4E51-BF29-1186A2ECDA53}.Release|Any CPU.ActiveCfg = Release|Any CPU
		{1DC2A63D-5DDF-4E51-BF29-1186A2ECDA53}.Release|Any CPU.Build.0 = Release|Any CPU
		{1DC2A63D-5DDF-4E51-BF29-1186A2ECDA53}.Release|x86.ActiveCfg = Release|Any CPU
		{1DC2A63D-5DDF-4E51-BF29-1186A2ECDA53}.Release|x86.Build.0 = Release|Any CPU
		{BA44526F-97A0-4A68-9F77-5B3CD87AAF93}.Debug|Any CPU.ActiveCfg = Debug|Any CPU
		{BA44526F-97A0-4A68-9F77-5B3CD87AAF93}.Debug|Any CPU.Build.0 = Debug|Any CPU
		{BA44526F-97A0-4A68-9F77-5B3CD87AAF93}.Debug|x86.ActiveCfg = Debug|Any CPU
		{BA44526F-97A0-4A68-9F77-5B3CD87AAF93}.Debug|x86.Build.0 = Debug|Any CPU
		{BA44526F-97A0-4A68-9F77-5B3CD87AAF93}.Release|Any CPU.ActiveCfg = Release|Any CPU
		{BA44526F-97A0-4A68-9F77-5B3CD87AAF93}.Release|Any CPU.Build.0 = Release|Any CPU
		{BA44526F-97A0-4A68-9F77-5B3CD87AAF93}.Release|x86.ActiveCfg = Release|Any CPU
		{BA44526F-97A0-4A68-9F77-5B3CD87AAF93}.Release|x86.Build.0 = Release|Any CPU
		{1FA2071F-20FF-48E7-9057-05E1AC9E4E32}.Debug|Any CPU.ActiveCfg = Debug|Any CPU
		{1FA2071F-20FF-48E7-9057-05E1AC9E4E32}.Debug|Any CPU.Build.0 = Debug|Any CPU
		{1FA2071F-20FF-48E7-9057-05E1AC9E4E32}.Debug|x86.ActiveCfg = Debug|Any CPU
		{1FA2071F-20FF-48E7-9057-05E1AC9E4E32}.Debug|x86.Build.0 = Debug|Any CPU
		{1FA2071F-20FF-48E7-9057-05E1AC9E4E32}.Release|Any CPU.ActiveCfg = Release|Any CPU
		{1FA2071F-20FF-48E7-9057-05E1AC9E4E32}.Release|Any CPU.Build.0 = Release|Any CPU
		{1FA2071F-20FF-48E7-9057-05E1AC9E4E32}.Release|x86.ActiveCfg = Release|Any CPU
		{1FA2071F-20FF-48E7-9057-05E1AC9E4E32}.Release|x86.Build.0 = Release|Any CPU
		{51C7E2BA-9F23-4E06-AA5A-9DB3C8350064}.Debug|Any CPU.ActiveCfg = Debug|Any CPU
		{51C7E2BA-9F23-4E06-AA5A-9DB3C8350064}.Debug|Any CPU.Build.0 = Debug|Any CPU
		{51C7E2BA-9F23-4E06-AA5A-9DB3C8350064}.Debug|x86.ActiveCfg = Debug|Any CPU
		{51C7E2BA-9F23-4E06-AA5A-9DB3C8350064}.Debug|x86.Build.0 = Debug|Any CPU
		{51C7E2BA-9F23-4E06-AA5A-9DB3C8350064}.Release|Any CPU.ActiveCfg = Release|Any CPU
		{51C7E2BA-9F23-4E06-AA5A-9DB3C8350064}.Release|Any CPU.Build.0 = Release|Any CPU
		{51C7E2BA-9F23-4E06-AA5A-9DB3C8350064}.Release|x86.ActiveCfg = Release|Any CPU
		{51C7E2BA-9F23-4E06-AA5A-9DB3C8350064}.Release|x86.Build.0 = Release|Any CPU
	EndGlobalSection
	GlobalSection(SolutionProperties) = preSolution
		HideSolutionNode = FALSE
	EndGlobalSection
	GlobalSection(NestedProjects) = preSolution
		{B7CD987F-6522-4FE0-9285-0AF80C572979} = {9BAE6520-EDD0-4C01-B591-FA1C32B9BCD6}
		{367B779D-CD6D-4143-9C12-9F68D6B397D6} = {9BAE6520-EDD0-4C01-B591-FA1C32B9BCD6}
		{B918C3B5-2C8B-47F2-818D-C1C69C09C2E5} = {35438977-FC79-4CF6-933F-7ADAF41841D1}
		{6E671235-AEAE-4D2C-AC41-35F5B8878A42} = {AEE33F3F-898A-4ABA-9D53-D174435F3536}
		{D578C245-BDE0-4883-88A9-4C6727426478} = {AEE33F3F-898A-4ABA-9D53-D174435F3536}
		{803EAFDD-E25A-4D22-906F-67676BEBDE80} = {35438977-FC79-4CF6-933F-7ADAF41841D1}
		{EA135084-6954-488E-8E0F-86480ACD9803} = {9BAE6520-EDD0-4C01-B591-FA1C32B9BCD6}
		{01F8C3CB-C7F2-49BA-956D-6AB734934C3E} = {EA135084-6954-488E-8E0F-86480ACD9803}
		{66B69A6E-EB9F-49F2-AE89-5018556563F5} = {EA135084-6954-488E-8E0F-86480ACD9803}
		{6EFC17B6-81A2-4B9B-B73A-A4951DD52FEF} = {EA135084-6954-488E-8E0F-86480ACD9803}
		{E70816BB-6279-4CA2-A7E9-A2B0F8E43F62} = {EA135084-6954-488E-8E0F-86480ACD9803}
		{11E2931D-E0C1-4BCC-95C4-6A6792590A2B} = {EA135084-6954-488E-8E0F-86480ACD9803}
		{A9857706-C039-4A3C-8997-3F5756AE92A3} = {1CFBBB2E-FC73-4FAC-A3F7-BFE1D9059F4F}
		{D73F0618-E027-4004-938A-B6D7EF884DF5} = {35438977-FC79-4CF6-933F-7ADAF41841D1}
		{031C6551-6171-4A50-8AD0-19B08B181937} = {E7665D70-9B21-4D3A-9F6B-82941D4680F9}
		{9B97813F-DA7E-4FFC-ABC5-BDDFC66B25A7} = {E7665D70-9B21-4D3A-9F6B-82941D4680F9}
		{3252164C-848B-4BCA-BBE9-F550C33D6636} = {E7665D70-9B21-4D3A-9F6B-82941D4680F9}
		{8FDDEF86-F1A4-4899-9591-0B6D053018B0} = {E7665D70-9B21-4D3A-9F6B-82941D4680F9}
		{8EBCFA39-009D-450C-B4D6-8DAB84F1D0A5} = {9BAE6520-EDD0-4C01-B591-FA1C32B9BCD6}
		{1DC2A63D-5DDF-4E51-BF29-1186A2ECDA53} = {35438977-FC79-4CF6-933F-7ADAF41841D1}
		{BA44526F-97A0-4A68-9F77-5B3CD87AAF93} = {AEE33F3F-898A-4ABA-9D53-D174435F3536}
		{1FA2071F-20FF-48E7-9057-05E1AC9E4E32} = {AEE33F3F-898A-4ABA-9D53-D174435F3536}
	EndGlobalSection
	GlobalSection(ExtensibilityGlobals) = postSolution
		SolutionGuid = {EEE1679F-AC1D-4DE8-93ED-A8CBCDC6F71F}
	EndGlobalSection
EndGlobal
