
Microsoft Visual Studio Solution File, Format Version 12.00
# Visual Studio Version 17
VisualStudioVersion = 17.2.32630.192
MinimumVisualStudioVersion = 10.0.40219.1
Project("{9A19103F-16F7-4668-BE54-9A1E7A4F7556}") = "SignalControllerLogger", "SignalControllerLogger\SignalControllerLogger.csproj", "{D490CA96-2C0C-4E3F-8C2A-0F05850657C1}"
EndProject
Project("{9A19103F-16F7-4668-BE54-9A1E7A4F7556}") = "ApplicationCore", "ApplicationCore\ApplicationCore.csproj", "{28293DD5-2476-46EB-92B5-77FFD257EAC9}"
EndProject
Project("{9A19103F-16F7-4668-BE54-9A1E7A4F7556}") = "DomainCore", "DomainCore\DomainCore.csproj", "{95EDDA04-9E9A-47AF-AE60-87F1B7F9E825}"
EndProject
Project("{9A19103F-16F7-4668-BE54-9A1E7A4F7556}") = "Infrastructure", "Infrastructure\Infrastructure.csproj", "{B7CD987F-6522-4FE0-9285-0AF80C572979}"
EndProject
Project("{9A19103F-16F7-4668-BE54-9A1E7A4F7556}") = "DomainCoreTests", "DomainCoreTests\DomainCoreTests.csproj", "{71926079-5B17-4E5C-888A-D95C12ADFA48}"
	ProjectSection(ProjectDependencies) = postProject
		{95EDDA04-9E9A-47AF-AE60-87F1B7F9E825} = {95EDDA04-9E9A-47AF-AE60-87F1B7F9E825}
	EndProjectSection
EndProject
Project("{2150E333-8FDC-42A3-9474-1A3956D46DE8}") = "Solution Items", "Solution Items", "{338188AC-81F0-40E2-903F-4F713286D12B}"
	ProjectSection(SolutionItems) = preProject
		.editorconfig = .editorconfig
	EndProjectSection
EndProject
Project("{9A19103F-16F7-4668-BE54-9A1E7A4F7556}") = "ApplicationCoreTests", "ApplicationCoreTests\ApplicationCoreTests.csproj", "{DE26FD3D-96B0-47B3-A817-99E5D76060ED}"
EndProject
Project("{9A19103F-16F7-4668-BE54-9A1E7A4F7556}") = "Data", "Data\Data.csproj", "{367B779D-CD6D-4143-9C12-9F68D6B397D6}"
EndProject
Project("{9A19103F-16F7-4668-BE54-9A1E7A4F7556}") = "ReportAPI", "ReportAPI\ReportAPI.csproj", "{071DB6E1-C774-4243-B47A-966C78BAC112}"
EndProject
Project("{9A19103F-16F7-4668-BE54-9A1E7A4F7556}") = "DataApi", "DataApi\DataApi.csproj", "{B918C3B5-2C8B-47F2-818D-C1C69C09C2E5}"
EndProject
Project("{E53339B2-1760-4266-BCC7-CA923CBCF16C}") = "docker-compose", "docker-compose.dcproj", "{0670B829-17B7-49F8-B8D0-6EA6CE136ECB}"
EndProject
Project("{9A19103F-16F7-4668-BE54-9A1E7A4F7556}") = "EventLogUtility", "EventLogUtility\EventLogUtility.csproj", "{6E671235-AEAE-4D2C-AC41-35F5B8878A42}"
EndProject
Project("{9A19103F-16F7-4668-BE54-9A1E7A4F7556}") = "InfrastructureTests", "InfrastructureTests\InfrastructureTests.csproj", "{CA454E72-6089-45AF-8E9B-D5397D8A4C64}"
EndProject
Global
	GlobalSection(SolutionConfigurationPlatforms) = preSolution
		Debug|Any CPU = Debug|Any CPU
		Release|Any CPU = Release|Any CPU
	EndGlobalSection
	GlobalSection(ProjectConfigurationPlatforms) = postSolution
		{D490CA96-2C0C-4E3F-8C2A-0F05850657C1}.Debug|Any CPU.ActiveCfg = Debug|Any CPU
		{D490CA96-2C0C-4E3F-8C2A-0F05850657C1}.Debug|Any CPU.Build.0 = Debug|Any CPU
		{D490CA96-2C0C-4E3F-8C2A-0F05850657C1}.Release|Any CPU.ActiveCfg = Release|Any CPU
		{D490CA96-2C0C-4E3F-8C2A-0F05850657C1}.Release|Any CPU.Build.0 = Release|Any CPU
		{28293DD5-2476-46EB-92B5-77FFD257EAC9}.Debug|Any CPU.ActiveCfg = Debug|Any CPU
		{28293DD5-2476-46EB-92B5-77FFD257EAC9}.Debug|Any CPU.Build.0 = Debug|Any CPU
		{28293DD5-2476-46EB-92B5-77FFD257EAC9}.Release|Any CPU.ActiveCfg = Release|Any CPU
		{28293DD5-2476-46EB-92B5-77FFD257EAC9}.Release|Any CPU.Build.0 = Release|Any CPU
		{95EDDA04-9E9A-47AF-AE60-87F1B7F9E825}.Debug|Any CPU.ActiveCfg = Debug|Any CPU
		{95EDDA04-9E9A-47AF-AE60-87F1B7F9E825}.Debug|Any CPU.Build.0 = Debug|Any CPU
		{95EDDA04-9E9A-47AF-AE60-87F1B7F9E825}.Release|Any CPU.ActiveCfg = Release|Any CPU
		{95EDDA04-9E9A-47AF-AE60-87F1B7F9E825}.Release|Any CPU.Build.0 = Release|Any CPU
		{B7CD987F-6522-4FE0-9285-0AF80C572979}.Debug|Any CPU.ActiveCfg = Debug|Any CPU
		{B7CD987F-6522-4FE0-9285-0AF80C572979}.Debug|Any CPU.Build.0 = Debug|Any CPU
		{B7CD987F-6522-4FE0-9285-0AF80C572979}.Release|Any CPU.ActiveCfg = Release|Any CPU
		{B7CD987F-6522-4FE0-9285-0AF80C572979}.Release|Any CPU.Build.0 = Release|Any CPU
		{71926079-5B17-4E5C-888A-D95C12ADFA48}.Debug|Any CPU.ActiveCfg = Debug|Any CPU
		{71926079-5B17-4E5C-888A-D95C12ADFA48}.Debug|Any CPU.Build.0 = Debug|Any CPU
		{71926079-5B17-4E5C-888A-D95C12ADFA48}.Release|Any CPU.ActiveCfg = Release|Any CPU
		{71926079-5B17-4E5C-888A-D95C12ADFA48}.Release|Any CPU.Build.0 = Release|Any CPU
		{DE26FD3D-96B0-47B3-A817-99E5D76060ED}.Debug|Any CPU.ActiveCfg = Debug|Any CPU
		{DE26FD3D-96B0-47B3-A817-99E5D76060ED}.Debug|Any CPU.Build.0 = Debug|Any CPU
		{DE26FD3D-96B0-47B3-A817-99E5D76060ED}.Release|Any CPU.ActiveCfg = Release|Any CPU
		{DE26FD3D-96B0-47B3-A817-99E5D76060ED}.Release|Any CPU.Build.0 = Release|Any CPU
		{367B779D-CD6D-4143-9C12-9F68D6B397D6}.Debug|Any CPU.ActiveCfg = Debug|Any CPU
		{367B779D-CD6D-4143-9C12-9F68D6B397D6}.Debug|Any CPU.Build.0 = Debug|Any CPU
		{367B779D-CD6D-4143-9C12-9F68D6B397D6}.Release|Any CPU.ActiveCfg = Release|Any CPU
		{367B779D-CD6D-4143-9C12-9F68D6B397D6}.Release|Any CPU.Build.0 = Release|Any CPU
		{071DB6E1-C774-4243-B47A-966C78BAC112}.Debug|Any CPU.ActiveCfg = Debug|Any CPU
		{071DB6E1-C774-4243-B47A-966C78BAC112}.Debug|Any CPU.Build.0 = Debug|Any CPU
		{071DB6E1-C774-4243-B47A-966C78BAC112}.Release|Any CPU.ActiveCfg = Release|Any CPU
		{071DB6E1-C774-4243-B47A-966C78BAC112}.Release|Any CPU.Build.0 = Release|Any CPU
		{B918C3B5-2C8B-47F2-818D-C1C69C09C2E5}.Debug|Any CPU.ActiveCfg = Debug|Any CPU
		{B918C3B5-2C8B-47F2-818D-C1C69C09C2E5}.Debug|Any CPU.Build.0 = Debug|Any CPU
		{B918C3B5-2C8B-47F2-818D-C1C69C09C2E5}.Release|Any CPU.ActiveCfg = Release|Any CPU
		{B918C3B5-2C8B-47F2-818D-C1C69C09C2E5}.Release|Any CPU.Build.0 = Release|Any CPU
		{0670B829-17B7-49F8-B8D0-6EA6CE136ECB}.Debug|Any CPU.ActiveCfg = Debug|Any CPU
		{0670B829-17B7-49F8-B8D0-6EA6CE136ECB}.Debug|Any CPU.Build.0 = Debug|Any CPU
		{0670B829-17B7-49F8-B8D0-6EA6CE136ECB}.Release|Any CPU.ActiveCfg = Release|Any CPU
		{0670B829-17B7-49F8-B8D0-6EA6CE136ECB}.Release|Any CPU.Build.0 = Release|Any CPU
		{6E671235-AEAE-4D2C-AC41-35F5B8878A42}.Debug|Any CPU.ActiveCfg = Debug|Any CPU
		{6E671235-AEAE-4D2C-AC41-35F5B8878A42}.Debug|Any CPU.Build.0 = Debug|Any CPU
		{6E671235-AEAE-4D2C-AC41-35F5B8878A42}.Release|Any CPU.ActiveCfg = Release|Any CPU
		{6E671235-AEAE-4D2C-AC41-35F5B8878A42}.Release|Any CPU.Build.0 = Release|Any CPU
		{CA454E72-6089-45AF-8E9B-D5397D8A4C64}.Debug|Any CPU.ActiveCfg = Debug|Any CPU
		{CA454E72-6089-45AF-8E9B-D5397D8A4C64}.Debug|Any CPU.Build.0 = Debug|Any CPU
		{CA454E72-6089-45AF-8E9B-D5397D8A4C64}.Release|Any CPU.ActiveCfg = Release|Any CPU
		{CA454E72-6089-45AF-8E9B-D5397D8A4C64}.Release|Any CPU.Build.0 = Release|Any CPU
	EndGlobalSection
	GlobalSection(SolutionProperties) = preSolution
		HideSolutionNode = FALSE
	EndGlobalSection
	GlobalSection(ExtensibilityGlobals) = postSolution
		SolutionGuid = {EEE1679F-AC1D-4DE8-93ED-A8CBCDC6F71F}
	EndGlobalSection
EndGlobal
