
Microsoft Visual Studio Solution File, Format Version 12.00
# Visual Studio Version 17
VisualStudioVersion = 17.6.33723.286
MinimumVisualStudioVersion = 10.0.40219.1
Project("{9A19103F-16F7-4668-BE54-9A1E7A4F7556}") = "ArchiveLogs", "ArchiveLogs.csproj", "{231A6F71-12DD-429D-B0CA-3FE35A5E17D1}"
EndProject
Global
	GlobalSection(SolutionConfigurationPlatforms) = preSolution
		Debug|Any CPU = Debug|Any CPU
		Release|Any CPU = Release|Any CPU
	EndGlobalSection
	GlobalSection(ProjectConfigurationPlatforms) = postSolution
		{231A6F71-12DD-429D-B0CA-3FE35A5E17D1}.Debug|Any CPU.ActiveCfg = Debug|Any CPU
		{231A6F71-12DD-429D-B0CA-3FE35A5E17D1}.Debug|Any CPU.Build.0 = Debug|Any CPU
		{231A6F71-12DD-429D-B0CA-3FE35A5E17D1}.Release|Any CPU.ActiveCfg = Release|Any CPU
		{231A6F71-12DD-429D-B0CA-3FE35A5E17D1}.Release|Any CPU.Build.0 = Release|Any CPU
	EndGlobalSection
	GlobalSection(SolutionProperties) = preSolution
		HideSolutionNode = FALSE
	EndGlobalSection
	GlobalSection(ExtensibilityGlobals) = postSolution
		SolutionGuid = {DFF38157-2B33-4364-B607-412E9314626C}
	EndGlobalSection
EndGlobal
